{
  "version": "2",
  "remote": {
    "https://deno.land/std@0.126.0/async/deadline.ts": "edbdf6cd7a5e3337c4c24c9b616491f8f1d61d36fc415d5d5b4af33557de0d23",
    "https://deno.land/std@0.126.0/async/debounce.ts": "3cf9306b4e9038ee3238111e338f412ecf3541b1a97ba9fc1f960be8af5a5f39",
    "https://deno.land/std@0.126.0/async/deferred.ts": "677692a2399d4cabbc45e06abe4f585afd6196c59e24a98edb866598af9f0eef",
    "https://deno.land/std@0.126.0/async/delay.ts": "f38013c800f5129b14fdbf41fb4f4fbaf9525f69f4266946e14d0cf57c830b0c",
    "https://deno.land/std@0.126.0/async/mod.ts": "a28709190a1966cb50e5815ef269bb588ee192373cde73b1096641820dc52a36",
    "https://deno.land/std@0.126.0/async/mux_async_iterator.ts": "35561f258d32c77170f9d1faf3d650890fb6502d5fe12f505c050b4ea1aee899",
    "https://deno.land/std@0.126.0/async/pool.ts": "97b0dd27c69544e374df857a40902e74e39532f226005543eabacb551e277082",
    "https://deno.land/std@0.126.0/async/tee.ts": "518c7bfd5184c8cd92b47115026a6a2243e81d83e2c3e71c2aa5cdb5988998b1",
    "https://deno.land/std@0.126.0/http/server.ts": "10c3a7814666cdbabd6f9c18acdcc4593e222275a628280a4868881445fbb5bc",
    "https://deno.land/std@0.130.0/fmt/colors.ts": "30455035d6d728394781c10755351742dd731e3db6771b1843f9b9e490104d37",
    "https://deno.land/std@0.130.0/testing/_diff.ts": "9d849cd6877694152e01775b2d93f9d6b7aef7e24bfe3bfafc4d7a1ac8e9f392",
    "https://deno.land/std@0.130.0/testing/asserts.ts": "b0ef969032882b1f7eb1c7571e313214baa1485f7b61cf35807b2434e254365c"
  }
}
